{
  "requires": true,
  "lockfileVersion": 1,
  "dependencies": {
    "fuse.js": {
      "version": "3.6.1",
      "resolved": "https://registry.npmjs.org/fuse.js/-/fuse.js-3.6.1.tgz",
      "integrity": "sha512-hT9yh/tiinkmirKrlv4KWOjztdoZo1mx9Qh4KvWqC7isoXwdUY3PNWUxceF4/qO9R6riA2C29jdTOeQOIROjgw==",
      "optional": true
    },
    "react-select-search": {
      "version": "2.2.4",
      "resolved": "https://registry.npmjs.org/react-select-search/-/react-select-search-2.2.4.tgz",
      "integrity": "sha512-VHNnU8YhBo4mCiFxONh1WQKh1UD7JVXrxDPWRqqHwxRfJAU6epk2+1DmDytV2DlJ3W3CUVEzOY53hRFQtbt6XQ==",
      "requires": {
        "fuse.js": "^3.4.5"
      }
    }
  }
}
